
Microsoft Visual Studio Solution File, Format Version 12.00
# Visual Studio 14
VisualStudioVersion = 14.0.25420.1
MinimumVisualStudioVersion = 10.0.40219.1
Project("{FAE04EC0-301F-11D3-BF4B-00C04F79EFBC}") = "EmotionalGUI", "EmotionalGUI\EmotionalGUI.csproj", "{2B00DA3F-3E3A-4821-AFD6-770D9CB13F83}"
EndProject
Project("{FAE04EC0-301F-11D3-BF4B-00C04F79EFBC}") = "Framework", "Framework\Framework.csproj", "{40E17E1E-7C71-47A4-B46C-548372570505}"
EndProject
Project("{FAE04EC0-301F-11D3-BF4B-00C04F79EFBC}") = "Classifier", "Classifier\Classifier.csproj", "{426B688A-EF3B-453E-9686-E3A810BAA771}"
EndProject
Project("{FAE04EC0-301F-11D3-BF4B-00C04F79EFBC}") = "ClassifierTrainer", "ClassifierTrainer\ClassifierTrainer.csproj", "{2F0DA413-3201-4472-B8CE-AFF2EB935940}"
EndProject
Project("{FAE04EC0-301F-11D3-BF4B-00C04F79EFBC}") = "GUI", "GUI\GUI.csproj", "{E9E435A3-67E9-4EF6-90F8-DFD612B24764}"
EndProject
Global
	GlobalSection(SolutionConfigurationPlatforms) = preSolution
		Debug|Any CPU = Debug|Any CPU
		Release|Any CPU = Release|Any CPU
	EndGlobalSection
	GlobalSection(ProjectConfigurationPlatforms) = postSolution
		{2B00DA3F-3E3A-4821-AFD6-770D9CB13F83}.Debug|Any CPU.ActiveCfg = Debug|Any CPU
		{2B00DA3F-3E3A-4821-AFD6-770D9CB13F83}.Debug|Any CPU.Build.0 = Debug|Any CPU
		{2B00DA3F-3E3A-4821-AFD6-770D9CB13F83}.Release|Any CPU.ActiveCfg = Release|Any CPU
		{2B00DA3F-3E3A-4821-AFD6-770D9CB13F83}.Release|Any CPU.Build.0 = Release|Any CPU
		{40E17E1E-7C71-47A4-B46C-548372570505}.Debug|Any CPU.ActiveCfg = Debug|Any CPU
		{40E17E1E-7C71-47A4-B46C-548372570505}.Debug|Any CPU.Build.0 = Debug|Any CPU
		{40E17E1E-7C71-47A4-B46C-548372570505}.Release|Any CPU.ActiveCfg = Release|Any CPU
		{40E17E1E-7C71-47A4-B46C-548372570505}.Release|Any CPU.Build.0 = Release|Any CPU
		{426B688A-EF3B-453E-9686-E3A810BAA771}.Debug|Any CPU.ActiveCfg = Debug|Any CPU
		{426B688A-EF3B-453E-9686-E3A810BAA771}.Debug|Any CPU.Build.0 = Debug|Any CPU
		{426B688A-EF3B-453E-9686-E3A810BAA771}.Release|Any CPU.ActiveCfg = Release|Any CPU
		{426B688A-EF3B-453E-9686-E3A810BAA771}.Release|Any CPU.Build.0 = Release|Any CPU
		{2F0DA413-3201-4472-B8CE-AFF2EB935940}.Debug|Any CPU.ActiveCfg = Debug|Any CPU
		{2F0DA413-3201-4472-B8CE-AFF2EB935940}.Debug|Any CPU.Build.0 = Debug|Any CPU
		{2F0DA413-3201-4472-B8CE-AFF2EB935940}.Release|Any CPU.ActiveCfg = Release|Any CPU
		{2F0DA413-3201-4472-B8CE-AFF2EB935940}.Release|Any CPU.Build.0 = Release|Any CPU
		{E9E435A3-67E9-4EF6-90F8-DFD612B24764}.Debug|Any CPU.ActiveCfg = Debug|Any CPU
		{E9E435A3-67E9-4EF6-90F8-DFD612B24764}.Debug|Any CPU.Build.0 = Debug|Any CPU
		{E9E435A3-67E9-4EF6-90F8-DFD612B24764}.Release|Any CPU.ActiveCfg = Release|Any CPU
		{E9E435A3-67E9-4EF6-90F8-DFD612B24764}.Release|Any CPU.Build.0 = Release|Any CPU
	EndGlobalSection
	GlobalSection(SolutionProperties) = preSolution
		HideSolutionNode = FALSE
	EndGlobalSection
EndGlobal
